// !$*UTF8*$!
{
	archiveVersion = 1;
	classes = {
	};
	objectVersion = 55;
	objects = {

/* Begin PBXBuildFile section */
		A307E9D72722D41200DC8693 /* Children.swift in Sources */ = {isa = PBXBuildFile; fileRef = A307E9D62722D41200DC8693 /* Children.swift */; };
		A307E9D82722D41200DC8693 /* Children.swift in Sources */ = {isa = PBXBuildFile; fileRef = A307E9D62722D41200DC8693 /* Children.swift */; };
		A307E9DA2722D41D00DC8693 /* Context.swift in Sources */ = {isa = PBXBuildFile; fileRef = A307E9D92722D41D00DC8693 /* Context.swift */; };
		A307E9DB2722D41D00DC8693 /* Context.swift in Sources */ = {isa = PBXBuildFile; fileRef = A307E9D92722D41D00DC8693 /* Context.swift */; };
		A3617BB8272051F00064EA2B /* justaswiftuiappApp.swift in Sources */ = {isa = PBXBuildFile; fileRef = A3617BA8272051EE0064EA2B /* justaswiftuiappApp.swift */; };
		A3617BB9272051F00064EA2B /* justaswiftuiappApp.swift in Sources */ = {isa = PBXBuildFile; fileRef = A3617BA8272051EE0064EA2B /* justaswiftuiappApp.swift */; };
		A3617BBA272051F00064EA2B /* ContentView.swift in Sources */ = {isa = PBXBuildFile; fileRef = A3617BA9272051EE0064EA2B /* ContentView.swift */; };
		A3617BBB272051F00064EA2B /* ContentView.swift in Sources */ = {isa = PBXBuildFile; fileRef = A3617BA9272051EE0064EA2B /* ContentView.swift */; };
		A3617BBC272051F00064EA2B /* Assets.xcassets in Resources */ = {isa = PBXBuildFile; fileRef = A3617BAA272051F00064EA2B /* Assets.xcassets */; };
		A3617BBD272051F00064EA2B /* Assets.xcassets in Resources */ = {isa = PBXBuildFile; fileRef = A3617BAA272051F00064EA2B /* Assets.xcassets */; };
		A3617BC8272068330064EA2B /* Counter.swift in Sources */ = {isa = PBXBuildFile; fileRef = A3617BC7272068330064EA2B /* Counter.swift */; };
		A3617BCA27206B440064EA2B /* CounterComponent.swift in Sources */ = {isa = PBXBuildFile; fileRef = A3617BC927206B440064EA2B /* CounterComponent.swift */; };
		A3617BCE27206D370064EA2B /* TodoItem.swift in Sources */ = {isa = PBXBuildFile; fileRef = A3617BCD27206D370064EA2B /* TodoItem.swift */; };
		A3617BD027206D470064EA2B /* TodoList.swift in Sources */ = {isa = PBXBuildFile; fileRef = A3617BCF27206D470064EA2B /* TodoList.swift */; };
		A3617BD227206D540064EA2B /* TodoStore.swift in Sources */ = {isa = PBXBuildFile; fileRef = A3617BD127206D540064EA2B /* TodoStore.swift */; };
		A3617BD6272072610064EA2B /* TodoForm.swift in Sources */ = {isa = PBXBuildFile; fileRef = A3617BD5272072610064EA2B /* TodoForm.swift */; };
		A3617BD9272142EE0064EA2B /* Pokedex.swift in Sources */ = {isa = PBXBuildFile; fileRef = A3617BD8272142EE0064EA2B /* Pokedex.swift */; };
		A3617BDB272143060064EA2B /* PokedexDetails.swift in Sources */ = {isa = PBXBuildFile; fileRef = A3617BDA272143060064EA2B /* PokedexDetails.swift */; };
/* End PBXBuildFile section */

/* Begin PBXFileReference section */
		A307E9D62722D41200DC8693 /* Children.swift */ = {isa = PBXFileReference; lastKnownFileType = sourcecode.swift; path = Children.swift; sourceTree = "<group>"; };
		A307E9D92722D41D00DC8693 /* Context.swift */ = {isa = PBXFileReference; lastKnownFileType = sourcecode.swift; path = Context.swift; sourceTree = "<group>"; };
		A3617BA8272051EE0064EA2B /* justaswiftuiappApp.swift */ = {isa = PBXFileReference; lastKnownFileType = sourcecode.swift; path = justaswiftuiappApp.swift; sourceTree = "<group>"; };
		A3617BA9272051EE0064EA2B /* ContentView.swift */ = {isa = PBXFileReference; lastKnownFileType = sourcecode.swift; path = ContentView.swift; sourceTree = "<group>"; };
		A3617BAA272051F00064EA2B /* Assets.xcassets */ = {isa = PBXFileReference; lastKnownFileType = folder.assetcatalog; path = Assets.xcassets; sourceTree = "<group>"; };
		A3617BAF272051F00064EA2B /* justaswiftuiapp.app */ = {isa = PBXFileReference; explicitFileType = wrapper.application; includeInIndex = 0; path = justaswiftuiapp.app; sourceTree = BUILT_PRODUCTS_DIR; };
		A3617BB5272051F00064EA2B /* justaswiftuiapp.app */ = {isa = PBXFileReference; explicitFileType = wrapper.application; includeInIndex = 0; path = justaswiftuiapp.app; sourceTree = BUILT_PRODUCTS_DIR; };
		A3617BB7272051F00064EA2B /* macOS.entitlements */ = {isa = PBXFileReference; lastKnownFileType = text.plist.entitlements; path = macOS.entitlements; sourceTree = "<group>"; };
		A3617BC7272068330064EA2B /* Counter.swift */ = {isa = PBXFileReference; lastKnownFileType = sourcecode.swift; path = Counter.swift; sourceTree = "<group>"; };
		A3617BC927206B440064EA2B /* CounterComponent.swift */ = {isa = PBXFileReference; lastKnownFileType = sourcecode.swift; path = CounterComponent.swift; sourceTree = "<group>"; };
		A3617BCD27206D370064EA2B /* TodoItem.swift */ = {isa = PBXFileReference; lastKnownFileType = sourcecode.swift; path = TodoItem.swift; sourceTree = "<group>"; };
		A3617BCF27206D470064EA2B /* TodoList.swift */ = {isa = PBXFileReference; lastKnownFileType = sourcecode.swift; path = TodoList.swift; sourceTree = "<group>"; };
		A3617BD127206D540064EA2B /* TodoStore.swift */ = {isa = PBXFileReference; lastKnownFileType = sourcecode.swift; path = TodoStore.swift; sourceTree = "<group>"; };
		A3617BD5272072610064EA2B /* TodoForm.swift */ = {isa = PBXFileReference; lastKnownFileType = sourcecode.swift; path = TodoForm.swift; sourceTree = "<group>"; };
		A3617BD8272142EE0064EA2B /* Pokedex.swift */ = {isa = PBXFileReference; lastKnownFileType = sourcecode.swift; path = Pokedex.swift; sourceTree = "<group>"; };
		A3617BDA272143060064EA2B /* PokedexDetails.swift */ = {isa = PBXFileReference; lastKnownFileType = sourcecode.swift; path = PokedexDetails.swift; sourceTree = "<group>"; };
/* End PBXFileReference section */

/* Begin PBXFrameworksBuildPhase section */
		A3617BAC272051F00064EA2B /* Frameworks */ = {
			isa = PBXFrameworksBuildPhase;
			buildActionMask = 2147483647;
			files = (
			);
			runOnlyForDeploymentPostprocessing = 0;
		};
		A3617BB2272051F00064EA2B /* Frameworks */ = {
			isa = PBXFrameworksBuildPhase;
			buildActionMask = 2147483647;
			files = (
			);
			runOnlyForDeploymentPostprocessing = 0;
		};
/* End PBXFrameworksBuildPhase section */

/* Begin PBXGroup section */
		A3617BA2272051ED0064EA2B = {
			isa = PBXGroup;
			children = (
				A3617BA7272051EE0064EA2B /* Shared */,
				A3617BB6272051F00064EA2B /* macOS */,
				A3617BB0272051F00064EA2B /* Products */,
			);
			sourceTree = "<group>";
		};
		A3617BA7272051EE0064EA2B /* Shared */ = {
			isa = PBXGroup;
			children = (
				A3617BD7272142DC0064EA2B /* Pokedex */,
				A3617BCC27206D200064EA2B /* Todo */,
				A3617BC6272062340064EA2B /* Counter */,
				A3617BA8272051EE0064EA2B /* justaswiftuiappApp.swift */,
				A3617BA9272051EE0064EA2B /* ContentView.swift */,
				A307E9D62722D41200DC8693 /* Children.swift */,
				A307E9D92722D41D00DC8693 /* Context.swift */,
				A3617BAA272051F00064EA2B /* Assets.xcassets */,
			);
			path = Shared;
			sourceTree = "<group>";
		};
		A3617BB0272051F00064EA2B /* Products */ = {
			isa = PBXGroup;
			children = (
				A3617BAF272051F00064EA2B /* justaswiftuiapp.app */,
				A3617BB5272051F00064EA2B /* justaswiftuiapp.app */,
			);
			name = Products;
			sourceTree = "<group>";
		};
		A3617BB6272051F00064EA2B /* macOS */ = {
			isa = PBXGroup;
			children = (
				A3617BB7272051F00064EA2B /* macOS.entitlements */,
			);
			path = macOS;
			sourceTree = "<group>";
		};
		A3617BC6272062340064EA2B /* Counter */ = {
			isa = PBXGroup;
			children = (
				A3617BC7272068330064EA2B /* Counter.swift */,
				A3617BC927206B440064EA2B /* CounterComponent.swift */,
			);
			path = Counter;
			sourceTree = "<group>";
		};
		A3617BCC27206D200064EA2B /* Todo */ = {
			isa = PBXGroup;
			children = (
				A3617BCD27206D370064EA2B /* TodoItem.swift */,
				A3617BCF27206D470064EA2B /* TodoList.swift */,
				A3617BD127206D540064EA2B /* TodoStore.swift */,
				A3617BD5272072610064EA2B /* TodoForm.swift */,
			);
			path = Todo;
			sourceTree = "<group>";
		};
		A3617BD7272142DC0064EA2B /* Pokedex */ = {
			isa = PBXGroup;
			children = (
				A3617BD8272142EE0064EA2B /* Pokedex.swift */,
				A3617BDA272143060064EA2B /* PokedexDetails.swift */,
			);
			path = Pokedex;
			sourceTree = "<group>";
		};
/* End PBXGroup section */

/* Begin PBXNativeTarget section */
		A3617BAE272051F00064EA2B /* justaswiftuiapp (iOS) */ = {
			isa = PBXNativeTarget;
			buildConfigurationList = A3617BC0272051F00064EA2B /* Build configuration list for PBXNativeTarget "justaswiftuiapp (iOS)" */;
			buildPhases = (
				A3617BAB272051F00064EA2B /* Sources */,
				A3617BAC272051F00064EA2B /* Frameworks */,
				A3617BAD272051F00064EA2B /* Resources */,
			);
			buildRules = (
			);
			dependencies = (
			);
			name = "justaswiftuiapp (iOS)";
			productName = "justaswiftuiapp (iOS)";
			productReference = A3617BAF272051F00064EA2B /* justaswiftuiapp.app */;
			productType = "com.apple.product-type.application";
		};
		A3617BB4272051F00064EA2B /* justaswiftuiapp (macOS) */ = {
			isa = PBXNativeTarget;
			buildConfigurationList = A3617BC3272051F00064EA2B /* Build configuration list for PBXNativeTarget "justaswiftuiapp (macOS)" */;
			buildPhases = (
				A3617BB1272051F00064EA2B /* Sources */,
				A3617BB2272051F00064EA2B /* Frameworks */,
				A3617BB3272051F00064EA2B /* Resources */,
			);
			buildRules = (
			);
			dependencies = (
			);
			name = "justaswiftuiapp (macOS)";
			productName = "justaswiftuiapp (macOS)";
			productReference = A3617BB5272051F00064EA2B /* justaswiftuiapp.app */;
			productType = "com.apple.product-type.application";
		};
/* End PBXNativeTarget section */

/* Begin PBXProject section */
		A3617BA3272051ED0064EA2B /* Project object */ = {
			isa = PBXProject;
			attributes = {
				BuildIndependentTargetsInParallel = 1;
				LastSwiftUpdateCheck = 1300;
				LastUpgradeCheck = 1300;
				TargetAttributes = {
					A3617BAE272051F00064EA2B = {
						CreatedOnToolsVersion = 13.0;
					};
					A3617BB4272051F00064EA2B = {
						CreatedOnToolsVersion = 13.0;
					};
				};
			};
			buildConfigurationList = A3617BA6272051ED0064EA2B /* Build configuration list for PBXProject "justaswiftuiapp" */;
			compatibilityVersion = "Xcode 13.0";
			developmentRegion = en;
			hasScannedForEncodings = 0;
			knownRegions = (
				en,
				Base,
			);
			mainGroup = A3617BA2272051ED0064EA2B;
			productRefGroup = A3617BB0272051F00064EA2B /* Products */;
			projectDirPath = "";
			projectRoot = "";
			targets = (
				A3617BAE272051F00064EA2B /* justaswiftuiapp (iOS) */,
				A3617BB4272051F00064EA2B /* justaswiftuiapp (macOS) */,
			);
		};
/* End PBXProject section */

/* Begin PBXResourcesBuildPhase section */
		A3617BAD272051F00064EA2B /* Resources */ = {
			isa = PBXResourcesBuildPhase;
			buildActionMask = 2147483647;
			files = (
				A3617BBC272051F00064EA2B /* Assets.xcassets in Resources */,
			);
			runOnlyForDeploymentPostprocessing = 0;
		};
		A3617BB3272051F00064EA2B /* Resources */ = {
			isa = PBXResourcesBuildPhase;
			buildActionMask = 2147483647;
			files = (
				A3617BBD272051F00064EA2B /* Assets.xcassets in Resources */,
			);
			runOnlyForDeploymentPostprocessing = 0;
		};
/* End PBXResourcesBuildPhase section */

/* Begin PBXSourcesBuildPhase section */
		A3617BAB272051F00064EA2B /* Sources */ = {
			isa = PBXSourcesBuildPhase;
			buildActionMask = 2147483647;
			files = (
				A3617BCE27206D370064EA2B /* TodoItem.swift in Sources */,
				A3617BDB272143060064EA2B /* PokedexDetails.swift in Sources */,
				A3617BCA27206B440064EA2B /* CounterComponent.swift in Sources */,
				A3617BBA272051F00064EA2B /* ContentView.swift in Sources */,
				A3617BD6272072610064EA2B /* TodoForm.swift in Sources */,
				A3617BD027206D470064EA2B /* TodoList.swift in Sources */,
				A3617BB8272051F00064EA2B /* justaswiftuiappApp.swift in Sources */,
				A307E9D72722D41200DC8693 /* Children.swift in Sources */,
				A3617BD227206D540064EA2B /* TodoStore.swift in Sources */,
				A307E9DA2722D41D00DC8693 /* Context.swift in Sources */,
				A3617BC8272068330064EA2B /* Counter.swift in Sources */,
				A3617BD9272142EE0064EA2B /* Pokedex.swift in Sources */,
			);
			runOnlyForDeploymentPostprocessing = 0;
		};
		A3617BB1272051F00064EA2B /* Sources */ = {
			isa = PBXSourcesBuildPhase;
			buildActionMask = 2147483647;
			files = (
				A307E9D82722D41200DC8693 /* Children.swift in Sources */,
				A307E9DB2722D41D00DC8693 /* Context.swift in Sources */,
				A3617BBB272051F00064EA2B /* ContentView.swift in Sources */,
				A3617BB9272051F00064EA2B /* justaswiftuiappApp.swift in Sources */,
			);
			runOnlyForDeploymentPostprocessing = 0;
		};
/* End PBXSourcesBuildPhase section */

/* Begin XCBuildConfiguration section */
		A3617BBE272051F00064EA2B /* Debug */ = {
			isa = XCBuildConfiguration;
			buildSettings = {
				ALWAYS_SEARCH_USER_PATHS = NO;
				CLANG_ANALYZER_NONNULL = YES;
				CLANG_ANALYZER_NUMBER_OBJECT_CONVERSION = YES_AGGRESSIVE;
				CLANG_CXX_LANGUAGE_STANDARD = "gnu++17";
				CLANG_CXX_LIBRARY = "libc++";
				CLANG_ENABLE_MODULES = YES;
				CLANG_ENABLE_OBJC_ARC = YES;
				CLANG_ENABLE_OBJC_WEAK = YES;
				CLANG_WARN_BLOCK_CAPTURE_AUTORELEASING = YES;
				CLANG_WARN_BOOL_CONVERSION = YES;
				CLANG_WARN_COMMA = YES;
				CLANG_WARN_CONSTANT_CONVERSION = YES;
				CLANG_WARN_DEPRECATED_OBJC_IMPLEMENTATIONS = YES;
				CLANG_WARN_DIRECT_OBJC_ISA_USAGE = YES_ERROR;
				CLANG_WARN_DOCUMENTATION_COMMENTS = YES;
				CLANG_WARN_EMPTY_BODY = YES;
				CLANG_WARN_ENUM_CONVERSION = YES;
				CLANG_WARN_INFINITE_RECURSION = YES;
				CLANG_WARN_INT_CONVERSION = YES;
				CLANG_WARN_NON_LITERAL_NULL_CONVERSION = YES;
				CLANG_WARN_OBJC_IMPLICIT_RETAIN_SELF = YES;
				CLANG_WARN_OBJC_LITERAL_CONVERSION = YES;
				CLANG_WARN_OBJC_ROOT_CLASS = YES_ERROR;
				CLANG_WARN_QUOTED_INCLUDE_IN_FRAMEWORK_HEADER = YES;
				CLANG_WARN_RANGE_LOOP_ANALYSIS = YES;
				CLANG_WARN_STRICT_PROTOTYPES = YES;
				CLANG_WARN_SUSPICIOUS_MOVE = YES;
				CLANG_WARN_UNGUARDED_AVAILABILITY = YES_AGGRESSIVE;
				CLANG_WARN_UNREACHABLE_CODE = YES;
				CLANG_WARN__DUPLICATE_METHOD_MATCH = YES;
				COPY_PHASE_STRIP = NO;
				DEBUG_INFORMATION_FORMAT = dwarf;
				ENABLE_STRICT_OBJC_MSGSEND = YES;
				ENABLE_TESTABILITY = YES;
				GCC_C_LANGUAGE_STANDARD = gnu11;
				GCC_DYNAMIC_NO_PIC = NO;
				GCC_NO_COMMON_BLOCKS = YES;
				GCC_OPTIMIZATION_LEVEL = 0;
				GCC_PREPROCESSOR_DEFINITIONS = (
					"DEBUG=1",
					"$(inherited)",
				);
				GCC_WARN_64_TO_32_BIT_CONVERSION = YES;
				GCC_WARN_ABOUT_RETURN_TYPE = YES_ERROR;
				GCC_WARN_UNDECLARED_SELECTOR = YES;
				GCC_WARN_UNINITIALIZED_AUTOS = YES_AGGRESSIVE;
				GCC_WARN_UNUSED_FUNCTION = YES;
				GCC_WARN_UNUSED_VARIABLE = YES;
				MTL_ENABLE_DEBUG_INFO = INCLUDE_SOURCE;
				MTL_FAST_MATH = YES;
				ONLY_ACTIVE_ARCH = YES;
				SWIFT_ACTIVE_COMPILATION_CONDITIONS = DEBUG;
				SWIFT_OPTIMIZATION_LEVEL = "-Onone";
			};
			name = Debug;
		};
		A3617BBF272051F00064EA2B /* Release */ = {
			isa = XCBuildConfiguration;
			buildSettings = {
				ALWAYS_SEARCH_USER_PATHS = NO;
				CLANG_ANALYZER_NONNULL = YES;
				CLANG_ANALYZER_NUMBER_OBJECT_CONVERSION = YES_AGGRESSIVE;
				CLANG_CXX_LANGUAGE_STANDARD = "gnu++17";
				CLANG_CXX_LIBRARY = "libc++";
				CLANG_ENABLE_MODULES = YES;
				CLANG_ENABLE_OBJC_ARC = YES;
				CLANG_ENABLE_OBJC_WEAK = YES;
				CLANG_WARN_BLOCK_CAPTURE_AUTORELEASING = YES;
				CLANG_WARN_BOOL_CONVERSION = YES;
				CLANG_WARN_COMMA = YES;
				CLANG_WARN_CONSTANT_CONVERSION = YES;
				CLANG_WARN_DEPRECATED_OBJC_IMPLEMENTATIONS = YES;
				CLANG_WARN_DIRECT_OBJC_ISA_USAGE = YES_ERROR;
				CLANG_WARN_DOCUMENTATION_COMMENTS = YES;
				CLANG_WARN_EMPTY_BODY = YES;
				CLANG_WARN_ENUM_CONVERSION = YES;
				CLANG_WARN_INFINITE_RECURSION = YES;
				CLANG_WARN_INT_CONVERSION = YES;
				CLANG_WARN_NON_LITERAL_NULL_CONVERSION = YES;
				CLANG_WARN_OBJC_IMPLICIT_RETAIN_SELF = YES;
				CLANG_WARN_OBJC_LITERAL_CONVERSION = YES;
				CLANG_WARN_OBJC_ROOT_CLASS = YES_ERROR;
				CLANG_WARN_QUOTED_INCLUDE_IN_FRAMEWORK_HEADER = YES;
				CLANG_WARN_RANGE_LOOP_ANALYSIS = YES;
				CLANG_WARN_STRICT_PROTOTYPES = YES;
				CLANG_WARN_SUSPICIOUS_MOVE = YES;
				CLANG_WARN_UNGUARDED_AVAILABILITY = YES_AGGRESSIVE;
				CLANG_WARN_UNREACHABLE_CODE = YES;
				CLANG_WARN__DUPLICATE_METHOD_MATCH = YES;
				COPY_PHASE_STRIP = NO;
				DEBUG_INFORMATION_FORMAT = "dwarf-with-dsym";
				ENABLE_NS_ASSERTIONS = NO;
				ENABLE_STRICT_OBJC_MSGSEND = YES;
				GCC_C_LANGUAGE_STANDARD = gnu11;
				GCC_NO_COMMON_BLOCKS = YES;
				GCC_WARN_64_TO_32_BIT_CONVERSION = YES;
				GCC_WARN_ABOUT_RETURN_TYPE = YES_ERROR;
				GCC_WARN_UNDECLARED_SELECTOR = YES;
				GCC_WARN_UNINITIALIZED_AUTOS = YES_AGGRESSIVE;
				GCC_WARN_UNUSED_FUNCTION = YES;
				GCC_WARN_UNUSED_VARIABLE = YES;
				MTL_ENABLE_DEBUG_INFO = NO;
				MTL_FAST_MATH = YES;
				SWIFT_COMPILATION_MODE = wholemodule;
				SWIFT_OPTIMIZATION_LEVEL = "-O";
			};
			name = Release;
		};
		A3617BC1272051F00064EA2B /* Debug */ = {
			isa = XCBuildConfiguration;
			buildSettings = {
				ASSETCATALOG_COMPILER_APPICON_NAME = AppIcon;
				ASSETCATALOG_COMPILER_GLOBAL_ACCENT_COLOR_NAME = AccentColor;
				CODE_SIGN_STYLE = Automatic;
				CURRENT_PROJECT_VERSION = 1;
				DEVELOPMENT_TEAM = 549FT99K9M;
				ENABLE_PREVIEWS = YES;
				GENERATE_INFOPLIST_FILE = YES;
				INFOPLIST_KEY_UIApplicationSceneManifest_Generation = YES;
				INFOPLIST_KEY_UIApplicationSupportsIndirectInputEvents = YES;
				INFOPLIST_KEY_UILaunchScreen_Generation = YES;
				INFOPLIST_KEY_UISupportedInterfaceOrientations_iPad = "UIInterfaceOrientationPortrait UIInterfaceOrientationPortraitUpsideDown UIInterfaceOrientationLandscapeLeft UIInterfaceOrientationLandscapeRight";
				INFOPLIST_KEY_UISupportedInterfaceOrientations_iPhone = "UIInterfaceOrientationPortrait UIInterfaceOrientationLandscapeLeft UIInterfaceOrientationLandscapeRight";
				IPHONEOS_DEPLOYMENT_TARGET = 15.0;
				LD_RUNPATH_SEARCH_PATHS = (
					"$(inherited)",
					"@executable_path/Frameworks",
				);
				MARKETING_VERSION = 1.0;
				PRODUCT_BUNDLE_IDENTIFIER = "funkpunkdrummer-gmail.justaswiftuiapp";
				PRODUCT_NAME = justaswiftuiapp;
				SDKROOT = iphoneos;
				SWIFT_EMIT_LOC_STRINGS = YES;
				SWIFT_VERSION = 5.0;
				TARGETED_DEVICE_FAMILY = "1,2";
			};
			name = Debug;
		};
		A3617BC2272051F00064EA2B /* Release */ = {
			isa = XCBuildConfiguration;
			buildSettings = {
				ASSETCATALOG_COMPILER_APPICON_NAME = AppIcon;
				ASSETCATALOG_COMPILER_GLOBAL_ACCENT_COLOR_NAME = AccentColor;
				CODE_SIGN_STYLE = Automatic;
				CURRENT_PROJECT_VERSION = 1;
				DEVELOPMENT_TEAM = 549FT99K9M;
				ENABLE_PREVIEWS = YES;
				GENERATE_INFOPLIST_FILE = YES;
				INFOPLIST_KEY_UIApplicationSceneManifest_Generation = YES;
				INFOPLIST_KEY_UIApplicationSupportsIndirectInputEvents = YES;
				INFOPLIST_KEY_UILaunchScreen_Generation = YES;
				INFOPLIST_KEY_UISupportedInterfaceOrientations_iPad = "UIInterfaceOrientationPortrait UIInterfaceOrientationPortraitUpsideDown UIInterfaceOrientationLandscapeLeft UIInterfaceOrientationLandscapeRight";
				INFOPLIST_KEY_UISupportedInterfaceOrientations_iPhone = "UIInterfaceOrientationPortrait UIInterfaceOrientationLandscapeLeft UIInterfaceOrientationLandscapeRight";
				IPHONEOS_DEPLOYMENT_TARGET = 15.0;
				LD_RUNPATH_SEARCH_PATHS = (
					"$(inherited)",
					"@executable_path/Frameworks",
				);
				MARKETING_VERSION = 1.0;
				PRODUCT_BUNDLE_IDENTIFIER = "funkpunkdrummer-gmail.justaswiftuiapp";
				PRODUCT_NAME = justaswiftuiapp;
				SDKROOT = iphoneos;
				SWIFT_EMIT_LOC_STRINGS = YES;
				SWIFT_VERSION = 5.0;
				TARGETED_DEVICE_FAMILY = "1,2";
				VALIDATE_PRODUCT = YES;
			};
			name = Release;
		};
		A3617BC4272051F00064EA2B /* Debug */ = {
			isa = XCBuildConfiguration;
			buildSettings = {
				ASSETCATALOG_COMPILER_APPICON_NAME = AppIcon;
				ASSETCATALOG_COMPILER_GLOBAL_ACCENT_COLOR_NAME = AccentColor;
				CODE_SIGN_ENTITLEMENTS = macOS/macOS.entitlements;
				CODE_SIGN_STYLE = Automatic;
				COMBINE_HIDPI_IMAGES = YES;
				CURRENT_PROJECT_VERSION = 1;
				DEVELOPMENT_TEAM = 549FT99K9M;
				ENABLE_HARDENED_RUNTIME = YES;
				ENABLE_PREVIEWS = YES;
				GENERATE_INFOPLIST_FILE = YES;
				INFOPLIST_KEY_NSHumanReadableCopyright = "";
				LD_RUNPATH_SEARCH_PATHS = (
					"$(inherited)",
					"@executable_path/../Frameworks",
				);
				MACOSX_DEPLOYMENT_TARGET = 11.0;
				MARKETING_VERSION = 1.0;
				PRODUCT_BUNDLE_IDENTIFIER = "funkpunkdrummer-gmail.justaswiftuiapp";
				PRODUCT_NAME = justaswiftuiapp;
				SDKROOT = macosx;
				SWIFT_EMIT_LOC_STRINGS = YES;
				SWIFT_VERSION = 5.0;
			};
			name = Debug;
		};
		A3617BC5272051F00064EA2B /* Release */ = {
			isa = XCBuildConfiguration;
			buildSettings = {
				ASSETCATALOG_COMPILER_APPICON_NAME = AppIcon;
				ASSETCATALOG_COMPILER_GLOBAL_ACCENT_COLOR_NAME = AccentColor;
				CODE_SIGN_ENTITLEMENTS = macOS/macOS.entitlements;
				CODE_SIGN_STYLE = Automatic;
				COMBINE_HIDPI_IMAGES = YES;
				CURRENT_PROJECT_VERSION = 1;
				DEVELOPMENT_TEAM = 549FT99K9M;
				ENABLE_HARDENED_RUNTIME = YES;
				ENABLE_PREVIEWS = YES;
				GENERATE_INFOPLIST_FILE = YES;
				INFOPLIST_KEY_NSHumanReadableCopyright = "";
				LD_RUNPATH_SEARCH_PATHS = (
					"$(inherited)",
					"@executable_path/../Frameworks",
				);
				MACOSX_DEPLOYMENT_TARGET = 11.0;
				MARKETING_VERSION = 1.0;
				PRODUCT_BUNDLE_IDENTIFIER = "funkpunkdrummer-gmail.justaswiftuiapp";
				PRODUCT_NAME = justaswiftuiapp;
				SDKROOT = macosx;
				SWIFT_EMIT_LOC_STRINGS = YES;
				SWIFT_VERSION = 5.0;
			};
			name = Release;
		};
/* End XCBuildConfiguration section */

/* Begin XCConfigurationList section */
		A3617BA6272051ED0064EA2B /* Build configuration list for PBXProject "justaswiftuiapp" */ = {
			isa = XCConfigurationList;
			buildConfigurations = (
				A3617BBE272051F00064EA2B /* Debug */,
				A3617BBF272051F00064EA2B /* Release */,
			);
			defaultConfigurationIsVisible = 0;
			defaultConfigurationName = Release;
		};
		A3617BC0272051F00064EA2B /* Build configuration list for PBXNativeTarget "justaswiftuiapp (iOS)" */ = {
			isa = XCConfigurationList;
			buildConfigurations = (
				A3617BC1272051F00064EA2B /* Debug */,
				A3617BC2272051F00064EA2B /* Release */,
			);
			defaultConfigurationIsVisible = 0;
			defaultConfigurationName = Release;
		};
		A3617BC3272051F00064EA2B /* Build configuration list for PBXNativeTarget "justaswiftuiapp (macOS)" */ = {
			isa = XCConfigurationList;
			buildConfigurations = (
				A3617BC4272051F00064EA2B /* Debug */,
				A3617BC5272051F00064EA2B /* Release */,
			);
			defaultConfigurationIsVisible = 0;
			defaultConfigurationName = Release;
		};
/* End XCConfigurationList section */
	};
	rootObject = A3617BA3272051ED0064EA2B /* Project object */;
}
